PODS:
  - Chatto (3.1.0)
  - ChattoAdditions (3.1.0):
    - Chatto

DEPENDENCIES:
  - Chatto
  - ChattoAdditions

SPEC CHECKSUMS:
  Chatto: d959be2d284db62c713c68d7c39f2712ff902fa2
  ChattoAdditions: 64cfe2d3414a65d2d6bc8a1c5704df491eec28b6

PODFILE CHECKSUM: 36a63b42cde07bb9f1516b30e2c3baa391588277

COCOAPODS: 1.2.1
